
Microsoft Visual Studio Solution File, Format Version 12.00
# Visual Studio Version 17
VisualStudioVersion = 17.5.002.0
MinimumVisualStudioVersion = 10.0.40219.1
Project("{9A19103F-16F7-4668-BE54-9A1E7A4F7556}") = "RaioETrovao", "RaioETrovao.csproj", "{8E31CF2F-4BEF-4799-9734-4DFA16ED8F65}"
EndProject
Global
	GlobalSection(SolutionConfigurationPlatforms) = preSolution
		Debug|Any CPU = Debug|Any CPU
		Release|Any CPU = Release|Any CPU
	EndGlobalSection
	GlobalSection(ProjectConfigurationPlatforms) = postSolution
		{8E31CF2F-4BEF-4799-9734-4DFA16ED8F65}.Debug|Any CPU.ActiveCfg = Debug|Any CPU
		{8E31CF2F-4BEF-4799-9734-4DFA16ED8F65}.Debug|Any CPU.Build.0 = Debug|Any CPU
		{8E31CF2F-4BEF-4799-9734-4DFA16ED8F65}.Release|Any CPU.ActiveCfg = Release|Any CPU
		{8E31CF2F-4BEF-4799-9734-4DFA16ED8F65}.Release|Any CPU.Build.0 = Release|Any CPU
	EndGlobalSection
	GlobalSection(SolutionProperties) = preSolution
		HideSolutionNode = FALSE
	EndGlobalSection
	GlobalSection(ExtensibilityGlobals) = postSolution
		SolutionGuid = {6B002DF6-9EA2-4FAB-9E5F-5A07802E90BF}
	EndGlobalSection
EndGlobal
